{
  "lockfileVersion": 1,
  "configVersion": 1,
  "workspaces": {
    "": {
      "name": "niche-audio-prep",
      "devDependencies": {
        "turbo": "^2.4.0",
        "typescript": "^5.7.0",
      },
    },
    "apps/web": {
      "name": "@niche-audio-prep/web",
      "version": "0.0.0",
    },
    "backend": {
      "name": "@niche-audio-prep/backend",
      "version": "0.0.1",
    },
    "packages/shared": {
      "name": "@niche-audio-prep/shared",
      "version": "0.0.1",
      "devDependencies": {
        "typescript": "^5.7.0",
      },
    },
  },
  "packages": {
    "@niche-audio-prep/backend": ["@niche-audio-prep/backend@workspace:backend"],

    "@niche-audio-prep/shared": ["@niche-audio-prep/shared@workspace:packages/shared"],

    "@niche-audio-prep/web": ["@niche-audio-prep/web@workspace:apps/web"],

    "turbo": ["turbo@2.8.14", "", { "optionalDependencies": { "turbo-darwin-64": "2.8.14", "turbo-darwin-arm64": "2.8.14", "turbo-linux-64": "2.8.14", "turbo-linux-arm64": "2.8.14", "turbo-windows-64": "2.8.14", "turbo-windows-arm64": "2.8.14" }, "bin": { "turbo": "bin/turbo" } }, "sha512-UCTxeMNYT1cKaHiIFdLCQ7ulI+jw5i5uOnJOrRXsgUD7G3+OjlUjwVd7JfeVt2McWSVGjYA3EVW/v1FSsJ5DtA=="],

    "turbo-darwin-64": ["turbo-darwin-64@2.8.14", "", { "os": "darwin", "cpu": "x64" }, "sha512-9sFi7n2lLfEsGWi5OEoA/eTtQU2BPKtzSYKqufMtDeRmqMT9vKjbv9gJCRkllSVE9BOXA0qXC3diyX8V8rKIKw=="],

    "turbo-darwin-arm64": ["turbo-darwin-arm64@2.8.14", "", { "os": "darwin", "cpu": "arm64" }, "sha512-aS4yJuy6A1PCLws+PJpZP0qCURG8Y5iVx13z/WAbKyeDTY6W6PiGgcEllSaeLGxyn++382ztN/EZH85n2zZ6VQ=="],

    "turbo-linux-64": ["turbo-linux-64@2.8.14", "", { "os": "linux", "cpu": "x64" }, "sha512-XC6wPUDJkakjhNLaS0NrHDMiujRVjH+naEAwvKLArgqRaFkNxjmyNDRM4eu3soMMFmjym6NTxYaF74rvET+Orw=="],

    "turbo-linux-arm64": ["turbo-linux-arm64@2.8.14", "", { "os": "linux", "cpu": "arm64" }, "sha512-ChfE7isyVNjZrVSPDwcfqcHLG/FuIBbOFxnt1FM8vSuBGzHAs8AlTdwFNIxlEMJfZ8Ad9mdMxdmsCUPIWiQ6cg=="],

    "turbo-windows-64": ["turbo-windows-64@2.8.14", "", { "os": "win32", "cpu": "x64" }, "sha512-FTbIeQL1ycLFW2t9uQNMy+bRSzi3Xhwun/e7ZhFBdM+U0VZxxrtfYEBM9CHOejlfqomk6Jh7aRz0sJoqYn39Hg=="],

    "turbo-windows-arm64": ["turbo-windows-arm64@2.8.14", "", { "os": "win32", "cpu": "arm64" }, "sha512-KgZX12cTyhY030qS7ieT8zRkhZZE2VWJasDFVUSVVn17nR7IShpv68/7j5UqJNeRLIGF1XPK0phsP5V5yw3how=="],

    "typescript": ["typescript@5.9.3", "", { "bin": { "tsc": "bin/tsc", "tsserver": "bin/tsserver" } }, "sha512-jl1vZzPDinLr9eUt3J/t7V6FgNEw9QjvBPdysz9KfQDD41fQrC2Y4vKQdiaUpFT4bXlb1RHhLpp8wtm6M5TgSw=="],
  }
}
